
Microsoft Visual Studio Solution File, Format Version 12.00
# Visual Studio Version 16
VisualStudioVersion = 16.0.30011.22
MinimumVisualStudioVersion = 10.0.40219.1
Project("{FAE04EC0-301F-11D3-BF4B-00C04F79EFBC}") = "EleectornNet_KlickDummy", "EleectornNet_KlickDummy\EleectornNet_KlickDummy.csproj", "{81C9C784-6261-44B3-85FD-76380FFBFCAB}"
EndProject
Global
	GlobalSection(SolutionConfigurationPlatforms) = preSolution
		Debug|Any CPU = Debug|Any CPU
		Release|Any CPU = Release|Any CPU
	EndGlobalSection
	GlobalSection(ProjectConfigurationPlatforms) = postSolution
		{81C9C784-6261-44B3-85FD-76380FFBFCAB}.Debug|Any CPU.ActiveCfg = Debug|Any CPU
		{81C9C784-6261-44B3-85FD-76380FFBFCAB}.Debug|Any CPU.Build.0 = Debug|Any CPU
		{81C9C784-6261-44B3-85FD-76380FFBFCAB}.Release|Any CPU.ActiveCfg = Release|Any CPU
		{81C9C784-6261-44B3-85FD-76380FFBFCAB}.Release|Any CPU.Build.0 = Release|Any CPU
	EndGlobalSection
	GlobalSection(SolutionProperties) = preSolution
		HideSolutionNode = FALSE
	EndGlobalSection
	GlobalSection(ExtensibilityGlobals) = postSolution
		SolutionGuid = {D724AA5A-AB80-4973-9229-2F1968AC4CF1}
	EndGlobalSection
EndGlobal
